# This file is autogenerated, do not edit; changes may be undone by the next 'dep ensure'.


[[projects]]
  branch = "master"
  name = "github.com/Unknwon/com"
  packages = ["."]
  revision = "7677a1d7c1137cd3dd5ba7a076d0c898a1ef4520"

[[projects]]
  name = "github.com/asdine/storm"
  packages = [
    ".",
    "codec",
    "codec/json",
    "index",
    "internal",
    "q"
  ]
  revision = "dbd37722730b6cb703b5bd825c3f142d87358525"
  version = "v2.0.0"

[[projects]]
  name = "github.com/coreos/bbolt"
  packages = ["."]
  revision = "48ea1b39c25fc1bab3506fbc712ecbaa842c4d2d"
  version = "v1.3.1-coreos.6"

[[projects]]
  branch = "master"
  name = "github.com/fatih/color"
  packages = ["."]
  revision = "5df930a27be2502f99b292b7cc09ebad4d0891f4"

[[projects]]
  branch = "master"
  name = "github.com/fsnotify/fsnotify"
  packages = ["."]
  revision = "4da3e2cfbabc9f751898f250b49f2439785783a1"

[[projects]]
  branch = "master"
  name = "github.com/go-macaron/inject"
  packages = ["."]
  revision = "d8a0b8677191f4380287cfebd08e462217bac7ad"

[[projects]]
  branch = "master"
  name = "github.com/hashicorp/hcl"
  packages = [
    ".",
    "hcl/ast",
    "hcl/parser",
    "hcl/scanner",
    "hcl/strconv",
    "hcl/token",
    "json/parser",
    "json/scanner",
    "json/token"
  ]
  revision = "23c074d0eceb2b8a5bfdbb271ab780cde70f05a8"

[[projects]]
  branch = "master"
  name = "github.com/magiconair/properties"
  packages = ["."]
  revision = "49d762b9817ba1c2e9d0c69183c2b4a8b8f1d934"

[[projects]]
  branch = "master"
  name = "github.com/mattn/go-colorable"
  packages = ["."]
  revision = "586e6dcca296d085100876beb6dbf02287a247f7"

[[projects]]
  branch = "master"
  name = "github.com/mattn/go-isatty"
  packages = ["."]
  revision = "6ca4dbf54d38eea1a992b3c722a76a5d1c4cb25c"

[[projects]]
  branch = "master"
  name = "github.com/mitchellh/mapstructure"
  packages = ["."]
  revision = "06020f85339e21b2478f756a78e295255ffa4d6a"

[[projects]]
  name = "github.com/pelletier/go-toml"
  packages = ["."]
  revision = "4e9e0ee19b60b13eb79915933f44d8ed5f268bdd"

[[projects]]
  branch = "master"
  name = "github.com/pkg/errors"
  packages = ["."]
  revision = "e881fd58d78e04cf6d0de1217f8707c8cc2249bc"

[[projects]]
  name = "github.com/spf13/afero"
  packages = [
    ".",
    "mem"
  ]
  revision = "8d919cbe7e2627e417f3e45c3c0e489a5b7e2536"
  version = "v1.0.0"

[[projects]]
  name = "github.com/spf13/cast"
  packages = ["."]
  revision = "acbeb36b902d72a7a4c18e8f3241075e7ab763e4"
  version = "v1.1.0"

[[projects]]
  branch = "master"
  name = "github.com/spf13/jwalterweatherman"
  packages = ["."]
  revision = "12bd96e66386c1960ab0f74ced1362f66f552f7b"

[[projects]]
  branch = "master"
  name = "github.com/spf13/pflag"
  packages = ["."]
  revision = "4c012f6dcd9546820e378d0bdda4d8fc772cdfea"

[[projects]]
  name = "github.com/spf13/viper"
  packages = ["."]
  revision = "4dddf7c62e16bce5807744018f5b753bfe21bbd2"

[[projects]]
  name = "golang.org/x/crypto"
  packages = [
    "pbkdf2",
    "scrypt"
  ]
  revision = "9419663f5a44be8b34ca85f08abc5fe1be11f8a3"

[[projects]]
  name = "golang.org/x/sys"
  packages = ["unix"]
  revision = "ebfc5b4631820b793c9010c87fd8fef0f39eb082"

[[projects]]
  name = "golang.org/x/text"
  packages = [
    "internal/gen",
    "internal/triegen",
    "internal/ucd",
    "transform",
    "unicode/cldr",
    "unicode/norm"
  ]
  revision = "88f656faf3f37f690df1a32515b479415e1a6769"

[[projects]]
  name = "gopkg.in/clog.v1"
  packages = ["."]
  revision = "8492a6faa632c31ba82f562b53b4a6e5eacf2732"
  version = "v1.1.1"

[[projects]]
  name = "gopkg.in/ini.v1"
  packages = ["."]
  revision = "32e4c1e6bc4e7d0d8451aa6b75200d19e37a536a"
  version = "v1.32.0"

[[projects]]
  name = "gopkg.in/macaron.v1"
  packages = ["."]
  revision = "534b5803c7c0bfb3a59632359a94bc761d393d4c"
  version = "v1.2.3"

[[projects]]
  name = "gopkg.in/yaml.v2"
  packages = ["."]
  revision = "287cf08546ab5e7e37d55a84f7ed3fd1db036de5"

[solve-meta]
  analyzer-name = "dep"
  analyzer-version = 1
  inputs-digest = "2123092df0df32c8acf1f7c9916c9ecb72586d44047ccb931c9da4658a427a73"
  solver-name = "gps-cdcl"
  solver-version = 1
